{
  "version": 4,
  "terraform_version": "0.12.26",
  "serial": 5,
  "lineage": "45a8d9d4-4b08-a7a8-43e8-29b7ffd68409",
  "outputs": {
    "endpoint": {
      "value": "34.74.209.61",
      "type": "string"
    },
    "master_version": {
      "value": "1.14.10-gke.36",
      "type": "string"
    }
  },
  "resources": [
    {
      "mode": "managed",
      "type": "google_container_cluster",
      "name": "gcp_kubernetes",
      "provider": "provider.google",
      "instances": [
        {
          "schema_version": 1,
          "attributes": {
            "additional_zones": [],
            "addons_config": [
              {
                "cloudrun_config": [],
                "horizontal_pod_autoscaling": [],
                "http_load_balancing": [],
                "kubernetes_dashboard": [],
                "network_policy_config": [
                  {
                    "disabled": true
                  }
                ]
              }
            ],
            "authenticator_groups_config": [],
            "cluster_autoscaling": [
              {
                "auto_provisioning_defaults": [],
                "enabled": false,
                "resource_limits": []
              }
            ],
            "cluster_ipv4_cidr": "10.36.0.0/14",
            "default_max_pods_per_node": null,
            "description": "",
            "enable_binary_authorization": false,
            "enable_intranode_visibility": null,
            "enable_kubernetes_alpha": false,
            "enable_legacy_abac": false,
            "enable_shielded_nodes": false,
            "enable_tpu": null,
            "endpoint": "34.74.209.61",
            "id": "projects/tayoapp/locations/us-east1-b/clusters/tayo-cluster",
            "initial_node_count": 1,
            "instance_group_urls": [
              "https://www.googleapis.com/compute/v1/projects/tayoapp/zones/us-east1-b/instanceGroups/gke-tayo-cluster-default-pool-1f614396-grp"
            ],
            "ip_allocation_policy": [],
            "label_fingerprint": "a9dc16a7",
            "location": "us-east1-b",
            "logging_service": "logging.googleapis.com/kubernetes",
            "maintenance_policy": [],
            "master_auth": [
              {
                "client_certificate": "",
                "client_certificate_config": [
                  {
                    "issue_client_certificate": false
                  }
                ],
                "client_key": "",
                "cluster_ca_certificate": "LS0tLS1CRUdJTiBDRVJUSUZJQ0FURS0tLS0tCk1JSURERENDQWZTZ0F3SUJBZ0lSQU1wTE82RnBBV0paZkxKQmhaOCtvQnd3RFFZSktvWklodmNOQVFFTEJRQXcKTHpFdE1Dc0dBMVVFQXhNa01HVTJOVGsxTVdRdFlUZzRNaTAwTUdJeUxUZ3lOekV0T1RrelpUaGtNemd6TmpoaApNQjRYRFRJd01EWXlNVEV5TVRFME5Gb1hEVEkxTURZeU1ERXpNVEUwTkZvd0x6RXRNQ3NHQTFVRUF4TWtNR1UyCk5UazFNV1F0WVRnNE1pMDBNR0l5TFRneU56RXRPVGt6WlRoa016Z3pOamhoTUlJQklqQU5CZ2txaGtpRzl3MEIKQVFFRkFBT0NBUThBTUlJQkNnS0NBUUVBdmtZcDkrL0ZJWUhkMnNIVWIxZEUvRWE3REl3K05TejY4VXQwYjNRQgpqcTNjUDlvSTJZM2xJcGJKWkNTN3BPRXkrdy9qVENWaDg4dGs4SkVKNlBMb2NmSmlPV1BHdTVnaEZvMUxwa3QyCkNxWDVNK2xWSWZzRktTWjhDaFZqZkVsOVFJSThTck4wSW92aFBVOWd3Umw2NmVrb21ZK1UxR2ltbUloc3RFTUQKWVBoZkVGOUJJdWJRaU1TMzk2VWF0RVVnWG5yaUk5Q1g0TDl3Y0JjSTVjWFhsTlJHaFZiU0tla3B2NHc4M29idQppS2MwNE9GSEtDWDJMTEJhSjZmbTJQQmJFbndkT2NxdzM4RFBMeG1hRyt5bG85cUl5TDdIejQrSnJESVE3cnlDCmlxU2lSb2JGUGh1MkNWYjVnVE5xUXBjUUx4NlE1MHI0cEp5amw5VHFoek5ZbndJREFRQUJveU13SVRBT0JnTlYKSFE4QkFmOEVCQU1DQWdRd0R3WURWUjBUQVFIL0JBVXdBd0VCL3pBTkJna3Foa2lHOXcwQkFRc0ZBQU9DQVFFQQpvUHY0TkZtVXFscStuTU03bFRCbWtPVkV5aVpMZlU5dnFFZG82NEhOQ21ZZk91b2U2VXF4TXJYVUthZHphWWdGCmNVRXhING83RTNxd0Q1REhlZnlBMEhWOHpKZWJqQ0pmd2FvRGFlRGI5YzVldXpWb1FqczdnMGxSZE45V3oyeUcKNUYzdHlsWDBVUUFRbE90TkhQck9PRUVJTWpFZUJRU2FYUzY4aTBJTFgwUEV3WTBLSnQ3dllnZ3laMjVIRFhscgp5UDJXYStJRGhXemFoSndOTWVHc1ZwUHlTcHgyOHR6c0w4c0pVVktQVERPaEFEL3FiUkZxTEZ6OURLQmtQa1JHCklHdHFwbzd4RC80VFhHcEV4UHRucFk3Z2FvZTYwb3QyalpFdmFXYS9Kb0NXRmJPdVU1N0s3dDAwam5rMTFjMnoKUkdhdkNiL05CWGxKNEN3U3Vmd2dNdz09Ci0tLS0tRU5EIENFUlRJRklDQVRFLS0tLS0K",
                "password": "",
                "username": ""
              }
            ],
            "master_authorized_networks_config": [],
            "master_version": "1.14.10-gke.36",
            "min_master_version": null,
            "monitoring_service": "monitoring.googleapis.com/kubernetes",
            "name": "tayo-cluster",
            "network": "projects/tayoapp/global/networks/default",
            "network_policy": [
              {
                "enabled": false,
                "provider": "PROVIDER_UNSPECIFIED"
              }
            ],
            "node_config": [
              {
                "disk_size_gb": 100,
                "disk_type": "pd-standard",
                "guest_accelerator": [],
                "image_type": "COS",
                "labels": {},
                "local_ssd_count": 0,
                "machine_type": "n1-standard-1",
                "metadata": {
                  "disable-legacy-endpoints": "true"
                },
                "min_cpu_platform": "",
                "oauth_scopes": [
                  "https://www.googleapis.com/auth/compute",
                  "https://www.googleapis.com/auth/devstorage.read_only",
                  "https://www.googleapis.com/auth/logging.write",
                  "https://www.googleapis.com/auth/monitoring"
                ],
                "preemptible": false,
                "sandbox_config": [],
                "service_account": "default",
                "shielded_instance_config": [
                  {
                    "enable_integrity_monitoring": true,
                    "enable_secure_boot": false
                  }
                ],
                "tags": null,
                "taint": [],
                "workload_metadata_config": []
              }
            ],
            "node_locations": [],
            "node_pool": [
              {
                "autoscaling": [],
                "initial_node_count": 1,
                "instance_group_urls": [
                  "https://www.googleapis.com/compute/v1/projects/tayoapp/zones/us-east1-b/instanceGroupManagers/gke-tayo-cluster-default-pool-1f614396-grp"
                ],
                "management": [
                  {
                    "auto_repair": true,
                    "auto_upgrade": true
                  }
                ],
                "max_pods_per_node": 0,
                "name": "default-pool",
                "name_prefix": "",
                "node_config": [
                  {
                    "disk_size_gb": 100,
                    "disk_type": "pd-standard",
                    "guest_accelerator": [],
                    "image_type": "COS",
                    "labels": {},
                    "local_ssd_count": 0,
                    "machine_type": "n1-standard-1",
                    "metadata": {
                      "disable-legacy-endpoints": "true"
                    },
                    "min_cpu_platform": "",
                    "oauth_scopes": [
                      "https://www.googleapis.com/auth/compute",
                      "https://www.googleapis.com/auth/devstorage.read_only",
                      "https://www.googleapis.com/auth/logging.write",
                      "https://www.googleapis.com/auth/monitoring"
                    ],
                    "preemptible": false,
                    "sandbox_config": [],
                    "service_account": "default",
                    "shielded_instance_config": [
                      {
                        "enable_integrity_monitoring": true,
                        "enable_secure_boot": false
                      }
                    ],
                    "tags": [],
                    "taint": [],
                    "workload_metadata_config": []
                  }
                ],
                "node_count": 1,
                "node_locations": [
                  "us-east1-b"
                ],
                "upgrade_settings": [
                  {
                    "max_surge": 1,
                    "max_unavailable": 0
                  }
                ],
                "version": "1.14.10-gke.36"
              }
            ],
            "node_version": "1.14.10-gke.36",
            "operation": null,
            "pod_security_policy_config": null,
            "private_cluster_config": [],
            "project": "tayoapp",
            "region": null,
            "remove_default_node_pool": null,
            "resource_labels": null,
            "resource_usage_export_config": [],
            "services_ipv4_cidr": "10.39.240.0/20",
            "subnetwork": "projects/tayoapp/regions/us-east1/subnetworks/default",
            "timeouts": null,
            "vertical_pod_autoscaling": [],
            "workload_identity_config": [],
            "zone": null
          },
          "private": "eyJlMmJmYjczMC1lY2FhLTExZTYtOGY4OC0zNDM2M2JjN2M0YzAiOnsiY3JlYXRlIjoyNDAwMDAwMDAwMDAwLCJkZWxldGUiOjI0MDAwMDAwMDAwMDAsInJlYWQiOjI0MDAwMDAwMDAwMDAsInVwZGF0ZSI6MzYwMDAwMDAwMDAwMH0sInNjaGVtYV92ZXJzaW9uIjoiMSJ9"
        }
      ]
    }
  ]
}
